// !$*UTF8*$!
{
	archiveVersion = 1;
	classes = {
	};
	objectVersion = 54;
	objects = {

/* Begin PBXBuildFile section */
		13B07FBC1A68108700A75B9A /* AppDelegate.mm in Sources */ = {isa = PBXBuildFile; fileRef = 13B07FB01A68108700A75B9A /* AppDelegate.mm */; };
		13B07FBF1A68108700A75B9A /* Images.xcassets in Resources */ = {isa = PBXBuildFile; fileRef = 13B07FB51A68108700A75B9A /* Images.xcassets */; };
		13B07FC11A68108700A75B9A /* main.m in Sources */ = {isa = PBXBuildFile; fileRef = 13B07FB71A68108700A75B9A /* main.m */; };
		1F6E052656D22DB1E2EC9E86 /* Pods_DripCommonPods_Drip.framework in Frameworks */ = {isa = PBXBuildFile; fileRef = FE205CCF333027DA23045004 /* Pods_DripCommonPods_Drip.framework */; };
		5A434BDE2A7011F6001A8418 /* AppDelegate.mm in Sources */ = {isa = PBXBuildFile; fileRef = 13B07FB01A68108700A75B9A /* AppDelegate.mm */; };
		5A434BDF2A7011F6001A8418 /* main.m in Sources */ = {isa = PBXBuildFile; fileRef = 13B07FB71A68108700A75B9A /* main.m */; };
		5A434BE32A7011F6001A8418 /* Poppins-SemiBold.ttf in Resources */ = {isa = PBXBuildFile; fileRef = 5A893EDA29713FFC00E97FD9 /* Poppins-SemiBold.ttf */; };
		5A434BE42A7011F6001A8418 /* Poppins-Medium.ttf in Resources */ = {isa = PBXBuildFile; fileRef = 5A893EDB29713FFC00E97FD9 /* Poppins-Medium.ttf */; };
		5A434BE52A7011F6001A8418 /* LaunchScreen.storyboard in Resources */ = {isa = PBXBuildFile; fileRef = 81AB9BB72411601600AC10FF /* LaunchScreen.storyboard */; };
		5A434BE62A7011F6001A8418 /* Images.xcassets in Resources */ = {isa = PBXBuildFile; fileRef = 13B07FB51A68108700A75B9A /* Images.xcassets */; };
		5A434BE72A7011F6001A8418 /* Poppins-Regular.ttf in Resources */ = {isa = PBXBuildFile; fileRef = 5A893EDC29713FFC00E97FD9 /* Poppins-Regular.ttf */; };
		5A434BE82A7011F6001A8418 /* GoogleService-Info.plist in Resources */ = {isa = PBXBuildFile; fileRef = 5AD7671129A558DF00034853 /* GoogleService-Info.plist */; };
		5A7C57D62A85919E00847871 /* zego_notification_incoming.caf in Resources */ = {isa = PBXBuildFile; fileRef = 5A7C57D32A85919D00847871 /* zego_notification_incoming.caf */; };
		5A7C57D72A85919E00847871 /* zego_notification_incoming.caf in Resources */ = {isa = PBXBuildFile; fileRef = 5A7C57D32A85919D00847871 /* zego_notification_incoming.caf */; };
		5A7C57D82A85919E00847871 /* zego_incoming.mp3 in Resources */ = {isa = PBXBuildFile; fileRef = 5A7C57D42A85919D00847871 /* zego_incoming.mp3 */; };
		5A7C57D92A85919E00847871 /* zego_incoming.mp3 in Resources */ = {isa = PBXBuildFile; fileRef = 5A7C57D42A85919D00847871 /* zego_incoming.mp3 */; };
		5A7C57DA2A85919E00847871 /* zego_outgoing.mp3 in Resources */ = {isa = PBXBuildFile; fileRef = 5A7C57D52A85919E00847871 /* zego_outgoing.mp3 */; };
		5A7C57DB2A85919E00847871 /* zego_outgoing.mp3 in Resources */ = {isa = PBXBuildFile; fileRef = 5A7C57D52A85919E00847871 /* zego_outgoing.mp3 */; };
		5A893EDD29713FFC00E97FD9 /* Poppins-SemiBold.ttf in Resources */ = {isa = PBXBuildFile; fileRef = 5A893EDA29713FFC00E97FD9 /* Poppins-SemiBold.ttf */; };
		5A893EDE29713FFC00E97FD9 /* Poppins-Medium.ttf in Resources */ = {isa = PBXBuildFile; fileRef = 5A893EDB29713FFC00E97FD9 /* Poppins-Medium.ttf */; };
		5A893EDF29713FFC00E97FD9 /* Poppins-Regular.ttf in Resources */ = {isa = PBXBuildFile; fileRef = 5A893EDC29713FFC00E97FD9 /* Poppins-Regular.ttf */; };
		5AD7671229A558DF00034853 /* GoogleService-Info.plist in Resources */ = {isa = PBXBuildFile; fileRef = 5AD7671129A558DF00034853 /* GoogleService-Info.plist */; };
		81AB9BB82411601600AC10FF /* LaunchScreen.storyboard in Resources */ = {isa = PBXBuildFile; fileRef = 81AB9BB72411601600AC10FF /* LaunchScreen.storyboard */; };
		A68862F22D65F0A500FF4643 /* ReplayKit.framework in Frameworks */ = {isa = PBXBuildFile; fileRef = A68862F12D65F0A500FF4643 /* ReplayKit.framework */; };
		A68862F62D65F0A500FF4643 /* SampleHandler.m in Sources */ = {isa = PBXBuildFile; fileRef = A68862F52D65F0A500FF4643 /* SampleHandler.m */; };
		A68862FD2D65F0A500FF4643 /* ReplayKit.framework in Frameworks */ = {isa = PBXBuildFile; fileRef = A68862F12D65F0A500FF4643 /* ReplayKit.framework */; };
		A68862FF2D65F0A500FF4643 /* UIKit.framework in Frameworks */ = {isa = PBXBuildFile; fileRef = A68862FE2D65F0A500FF4643 /* UIKit.framework */; };
		A68863032D65F0A500FF4643 /* BroadcastSetupViewController.m in Sources */ = {isa = PBXBuildFile; fileRef = A68863022D65F0A500FF4643 /* BroadcastSetupViewController.m */; };
		A68863072D65F0A500FF4643 /* ScreenCaptureExtensionSetupUI.appex in Embed Foundation Extensions */ = {isa = PBXBuildFile; fileRef = A68862FC2D65F0A500FF4643 /* ScreenCaptureExtensionSetupUI.appex */; settings = {ATTRIBUTES = (RemoveHeadersOnCopy, ); }; };
		A688630A2D65F0A500FF4643 /* ScreenCaptureExtension.appex in Embed Foundation Extensions */ = {isa = PBXBuildFile; fileRef = A68862F02D65F0A500FF4643 /* ScreenCaptureExtension.appex */; settings = {ATTRIBUTES = (RemoveHeadersOnCopy, ); }; };
		D53C20FEFE41BD73E21779B1 /* Pods_DripCommonPods_DripDev.framework in Frameworks */ = {isa = PBXBuildFile; fileRef = C181E6781571916B51C0A7F4 /* Pods_DripCommonPods_DripDev.framework */; };
/* End PBXBuildFile section */

/* Begin PBXContainerItemProxy section */
		A68863052D65F0A500FF4643 /* PBXContainerItemProxy */ = {
			isa = PBXContainerItemProxy;
			containerPortal = 83CBB9F71A601CBA00E9B192 /* Project object */;
			proxyType = 1;
			remoteGlobalIDString = A68862FB2D65F0A500FF4643;
			remoteInfo = ScreenCaptureExtensionSetupUI;
		};
		A68863082D65F0A500FF4643 /* PBXContainerItemProxy */ = {
			isa = PBXContainerItemProxy;
			containerPortal = 83CBB9F71A601CBA00E9B192 /* Project object */;
			proxyType = 1;
			remoteGlobalIDString = A68862EF2D65F0A500FF4643;
			remoteInfo = ScreenCaptureExtension;
		};
/* End PBXContainerItemProxy section */

/* Begin PBXCopyFilesBuildPhase section */
		A688630B2D65F0A500FF4643 /* Embed Foundation Extensions */ = {
			isa = PBXCopyFilesBuildPhase;
			buildActionMask = 2147483647;
			dstPath = "";
			dstSubfolderSpec = 13;
			files = (
				A68863072D65F0A500FF4643 /* ScreenCaptureExtensionSetupUI.appex in Embed Foundation Extensions */,
				A688630A2D65F0A500FF4643 /* ScreenCaptureExtension.appex in Embed Foundation Extensions */,
			);
			name = "Embed Foundation Extensions";
			runOnlyForDeploymentPostprocessing = 0;
		};
/* End PBXCopyFilesBuildPhase section */

/* Begin PBXFileReference section */
		00E356F11AD99517003FC87E /* Info.plist */ = {isa = PBXFileReference; lastKnownFileType = text.plist.xml; path = Info.plist; sourceTree = "<group>"; };
		00E356F21AD99517003FC87E /* DripTests.m */ = {isa = PBXFileReference; lastKnownFileType = sourcecode.c.objc; path = DripTests.m; sourceTree = "<group>"; };
		07AD0507F84178305D9F8EFD /* Pods-DripCommonPods-Drip.debug.xcconfig */ = {isa = PBXFileReference; includeInIndex = 1; lastKnownFileType = text.xcconfig; name = "Pods-DripCommonPods-Drip.debug.xcconfig"; path = "Target Support Files/Pods-DripCommonPods-Drip/Pods-DripCommonPods-Drip.debug.xcconfig"; sourceTree = "<group>"; };
		13B07F961A680F5B00A75B9A /* Drip.app */ = {isa = PBXFileReference; explicitFileType = wrapper.application; includeInIndex = 0; path = Drip.app; sourceTree = BUILT_PRODUCTS_DIR; };
		13B07FAF1A68108700A75B9A /* AppDelegate.h */ = {isa = PBXFileReference; fileEncoding = 4; lastKnownFileType = sourcecode.c.h; name = AppDelegate.h; path = Drip/AppDelegate.h; sourceTree = "<group>"; };
		13B07FB01A68108700A75B9A /* AppDelegate.mm */ = {isa = PBXFileReference; fileEncoding = 4; lastKnownFileType = sourcecode.cpp.objcpp; name = AppDelegate.mm; path = Drip/AppDelegate.mm; sourceTree = "<group>"; };
		13B07FB51A68108700A75B9A /* Images.xcassets */ = {isa = PBXFileReference; lastKnownFileType = folder.assetcatalog; name = Images.xcassets; path = Drip/Images.xcassets; sourceTree = "<group>"; };
		13B07FB61A68108700A75B9A /* Info.plist */ = {isa = PBXFileReference; fileEncoding = 4; lastKnownFileType = text.plist.xml; name = Info.plist; path = Drip/Info.plist; sourceTree = "<group>"; };
		13B07FB71A68108700A75B9A /* main.m */ = {isa = PBXFileReference; fileEncoding = 4; lastKnownFileType = sourcecode.c.objc; name = main.m; path = Drip/main.m; sourceTree = "<group>"; };
		3B4392A12AC88292D35C810B /* Pods-Drip.debug.xcconfig */ = {isa = PBXFileReference; includeInIndex = 1; lastKnownFileType = text.xcconfig; name = "Pods-Drip.debug.xcconfig"; path = "Target Support Files/Pods-Drip/Pods-Drip.debug.xcconfig"; sourceTree = "<group>"; };
		5709B34CF0A7D63546082F79 /* Pods-Drip.release.xcconfig */ = {isa = PBXFileReference; includeInIndex = 1; lastKnownFileType = text.xcconfig; name = "Pods-Drip.release.xcconfig"; path = "Target Support Files/Pods-Drip/Pods-Drip.release.xcconfig"; sourceTree = "<group>"; };
		5A434BF02A7011F7001A8418 /* DripDev.app */ = {isa = PBXFileReference; explicitFileType = wrapper.application; includeInIndex = 0; path = DripDev.app; sourceTree = BUILT_PRODUCTS_DIR; };
		5A434BF12A7011F8001A8418 /* DripDev-Info.plist */ = {isa = PBXFileReference; lastKnownFileType = text.plist.xml; name = "DripDev-Info.plist"; path = "/Users/yasiraziz/Desktop/Projects/Temp/Drip/ios/DripDev-Info.plist"; sourceTree = "<absolute>"; };
		5A7C57D32A85919D00847871 /* zego_notification_incoming.caf */ = {isa = PBXFileReference; lastKnownFileType = file; path = zego_notification_incoming.caf; sourceTree = "<group>"; };
		5A7C57D42A85919D00847871 /* zego_incoming.mp3 */ = {isa = PBXFileReference; lastKnownFileType = audio.mp3; path = zego_incoming.mp3; sourceTree = "<group>"; };
		5A7C57D52A85919E00847871 /* zego_outgoing.mp3 */ = {isa = PBXFileReference; lastKnownFileType = audio.mp3; path = zego_outgoing.mp3; sourceTree = "<group>"; };
		5A893EDA29713FFC00E97FD9 /* Poppins-SemiBold.ttf */ = {isa = PBXFileReference; lastKnownFileType = file; path = "Poppins-SemiBold.ttf"; sourceTree = "<group>"; };
		5A893EDB29713FFC00E97FD9 /* Poppins-Medium.ttf */ = {isa = PBXFileReference; lastKnownFileType = file; path = "Poppins-Medium.ttf"; sourceTree = "<group>"; };
		5A893EDC29713FFC00E97FD9 /* Poppins-Regular.ttf */ = {isa = PBXFileReference; lastKnownFileType = file; path = "Poppins-Regular.ttf"; sourceTree = "<group>"; };
		5AD7671129A558DF00034853 /* GoogleService-Info.plist */ = {isa = PBXFileReference; fileEncoding = 4; lastKnownFileType = text.plist.xml; path = "GoogleService-Info.plist"; sourceTree = "<group>"; };
		5AD7671329A55BC000034853 /* Drip.entitlements */ = {isa = PBXFileReference; lastKnownFileType = text.plist.entitlements; name = Drip.entitlements; path = Drip/Drip.entitlements; sourceTree = "<group>"; };
		5B7EB9410499542E8C5724F5 /* Pods-Drip-DripTests.debug.xcconfig */ = {isa = PBXFileReference; includeInIndex = 1; lastKnownFileType = text.xcconfig; name = "Pods-Drip-DripTests.debug.xcconfig"; path = "Target Support Files/Pods-Drip-DripTests/Pods-Drip-DripTests.debug.xcconfig"; sourceTree = "<group>"; };
		81AB9BB72411601600AC10FF /* LaunchScreen.storyboard */ = {isa = PBXFileReference; fileEncoding = 4; lastKnownFileType = file.storyboard; name = LaunchScreen.storyboard; path = Drip/LaunchScreen.storyboard; sourceTree = "<group>"; };
		89C6BE57DB24E9ADA2F236DE /* Pods-Drip-DripTests.release.xcconfig */ = {isa = PBXFileReference; includeInIndex = 1; lastKnownFileType = text.xcconfig; name = "Pods-Drip-DripTests.release.xcconfig"; path = "Target Support Files/Pods-Drip-DripTests/Pods-Drip-DripTests.release.xcconfig"; sourceTree = "<group>"; };
		A68862F02D65F0A500FF4643 /* ScreenCaptureExtension.appex */ = {isa = PBXFileReference; explicitFileType = "wrapper.app-extension"; includeInIndex = 0; path = ScreenCaptureExtension.appex; sourceTree = BUILT_PRODUCTS_DIR; };
		A68862F12D65F0A500FF4643 /* ReplayKit.framework */ = {isa = PBXFileReference; lastKnownFileType = wrapper.framework; name = ReplayKit.framework; path = System/Library/Frameworks/ReplayKit.framework; sourceTree = SDKROOT; };
		A68862F42D65F0A500FF4643 /* SampleHandler.h */ = {isa = PBXFileReference; lastKnownFileType = sourcecode.c.h; path = SampleHandler.h; sourceTree = "<group>"; };
		A68862F52D65F0A500FF4643 /* SampleHandler.m */ = {isa = PBXFileReference; lastKnownFileType = sourcecode.c.objc; path = SampleHandler.m; sourceTree = "<group>"; };
		A68862F72D65F0A500FF4643 /* Info.plist */ = {isa = PBXFileReference; lastKnownFileType = text.plist.xml; path = Info.plist; sourceTree = "<group>"; };
		A68862FC2D65F0A500FF4643 /* ScreenCaptureExtensionSetupUI.appex */ = {isa = PBXFileReference; explicitFileType = "wrapper.app-extension"; includeInIndex = 0; path = ScreenCaptureExtensionSetupUI.appex; sourceTree = BUILT_PRODUCTS_DIR; };
		A68862FE2D65F0A500FF4643 /* UIKit.framework */ = {isa = PBXFileReference; lastKnownFileType = wrapper.framework; name = UIKit.framework; path = System/Library/Frameworks/UIKit.framework; sourceTree = SDKROOT; };
		A68863012D65F0A500FF4643 /* BroadcastSetupViewController.h */ = {isa = PBXFileReference; lastKnownFileType = sourcecode.c.h; path = BroadcastSetupViewController.h; sourceTree = "<group>"; };
		A68863022D65F0A500FF4643 /* BroadcastSetupViewController.m */ = {isa = PBXFileReference; lastKnownFileType = sourcecode.c.objc; path = BroadcastSetupViewController.m; sourceTree = "<group>"; };
		A68863042D65F0A500FF4643 /* Info.plist */ = {isa = PBXFileReference; lastKnownFileType = text.plist.xml; path = Info.plist; sourceTree = "<group>"; };
		C181E6781571916B51C0A7F4 /* Pods_DripCommonPods_DripDev.framework */ = {isa = PBXFileReference; explicitFileType = wrapper.framework; includeInIndex = 0; path = Pods_DripCommonPods_DripDev.framework; sourceTree = BUILT_PRODUCTS_DIR; };
		C9FAC53922038A4E7AF17E4A /* Pods-DripCommonPods-DripDev.debug.xcconfig */ = {isa = PBXFileReference; includeInIndex = 1; lastKnownFileType = text.xcconfig; name = "Pods-DripCommonPods-DripDev.debug.xcconfig"; path = "Target Support Files/Pods-DripCommonPods-DripDev/Pods-DripCommonPods-DripDev.debug.xcconfig"; sourceTree = "<group>"; };
		E38A979A993542C5E35F6BBC /* Pods-DripCommonPods-Drip.release.xcconfig */ = {isa = PBXFileReference; includeInIndex = 1; lastKnownFileType = text.xcconfig; name = "Pods-DripCommonPods-Drip.release.xcconfig"; path = "Target Support Files/Pods-DripCommonPods-Drip/Pods-DripCommonPods-Drip.release.xcconfig"; sourceTree = "<group>"; };
		E424D62A9A04CEECC8FCECD6 /* Pods_Drip_DripTests.framework */ = {isa = PBXFileReference; explicitFileType = wrapper.framework; includeInIndex = 0; path = Pods_Drip_DripTests.framework; sourceTree = BUILT_PRODUCTS_DIR; };
		ECC8AE4A6D942FD579571F57 /* Pods-DripCommonPods-DripDev.release.xcconfig */ = {isa = PBXFileReference; includeInIndex = 1; lastKnownFileType = text.xcconfig; name = "Pods-DripCommonPods-DripDev.release.xcconfig"; path = "Target Support Files/Pods-DripCommonPods-DripDev/Pods-DripCommonPods-DripDev.release.xcconfig"; sourceTree = "<group>"; };
		ED297162215061F000B7C4FE /* JavaScriptCore.framework */ = {isa = PBXFileReference; lastKnownFileType = wrapper.framework; name = JavaScriptCore.framework; path = System/Library/Frameworks/JavaScriptCore.framework; sourceTree = SDKROOT; };
		FE205CCF333027DA23045004 /* Pods_DripCommonPods_Drip.framework */ = {isa = PBXFileReference; explicitFileType = wrapper.framework; includeInIndex = 0; path = Pods_DripCommonPods_Drip.framework; sourceTree = BUILT_PRODUCTS_DIR; };
/* End PBXFileReference section */

/* Begin PBXFrameworksBuildPhase section */
		13B07F8C1A680F5B00A75B9A /* Frameworks */ = {
			isa = PBXFrameworksBuildPhase;
			buildActionMask = 2147483647;
			files = (
				1F6E052656D22DB1E2EC9E86 /* Pods_DripCommonPods_Drip.framework in Frameworks */,
			);
			runOnlyForDeploymentPostprocessing = 0;
		};
		5A434BE02A7011F6001A8418 /* Frameworks */ = {
			isa = PBXFrameworksBuildPhase;
			buildActionMask = 2147483647;
			files = (
				D53C20FEFE41BD73E21779B1 /* Pods_DripCommonPods_DripDev.framework in Frameworks */,
			);
			runOnlyForDeploymentPostprocessing = 0;
		};
		A68862ED2D65F0A500FF4643 /* Frameworks */ = {
			isa = PBXFrameworksBuildPhase;
			buildActionMask = 2147483647;
			files = (
				A68862F22D65F0A500FF4643 /* ReplayKit.framework in Frameworks */,
			);
			runOnlyForDeploymentPostprocessing = 0;
		};
		A68862F92D65F0A500FF4643 /* Frameworks */ = {
			isa = PBXFrameworksBuildPhase;
			buildActionMask = 2147483647;
			files = (
				A68862FD2D65F0A500FF4643 /* ReplayKit.framework in Frameworks */,
				A68862FF2D65F0A500FF4643 /* UIKit.framework in Frameworks */,
			);
			runOnlyForDeploymentPostprocessing = 0;
		};
/* End PBXFrameworksBuildPhase section */

/* Begin PBXGroup section */
		00E356EF1AD99517003FC87E /* DripTests */ = {
			isa = PBXGroup;
			children = (
				00E356F21AD99517003FC87E /* DripTests.m */,
				00E356F01AD99517003FC87E /* Supporting Files */,
			);
			path = DripTests;
			sourceTree = "<group>";
		};
		00E356F01AD99517003FC87E /* Supporting Files */ = {
			isa = PBXGroup;
			children = (
				00E356F11AD99517003FC87E /* Info.plist */,
			);
			name = "Supporting Files";
			sourceTree = "<group>";
		};
		13B07FAE1A68108700A75B9A /* Drip */ = {
			isa = PBXGroup;
			children = (
				5AD7671329A55BC000034853 /* Drip.entitlements */,
				5AD7671129A558DF00034853 /* GoogleService-Info.plist */,
				13B07FAF1A68108700A75B9A /* AppDelegate.h */,
				13B07FB01A68108700A75B9A /* AppDelegate.mm */,
				13B07FB51A68108700A75B9A /* Images.xcassets */,
				13B07FB61A68108700A75B9A /* Info.plist */,
				81AB9BB72411601600AC10FF /* LaunchScreen.storyboard */,
				13B07FB71A68108700A75B9A /* main.m */,
			);
			name = Drip;
			sourceTree = "<group>";
		};
		2D16E6871FA4F8E400B85C8A /* Frameworks */ = {
			isa = PBXGroup;
			children = (
				ED297162215061F000B7C4FE /* JavaScriptCore.framework */,
				E424D62A9A04CEECC8FCECD6 /* Pods_Drip_DripTests.framework */,
				FE205CCF333027DA23045004 /* Pods_DripCommonPods_Drip.framework */,
				C181E6781571916B51C0A7F4 /* Pods_DripCommonPods_DripDev.framework */,
				A68862F12D65F0A500FF4643 /* ReplayKit.framework */,
				A68862FE2D65F0A500FF4643 /* UIKit.framework */,
			);
			name = Frameworks;
			sourceTree = "<group>";
		};
		5A893ED929713FE400E97FD9 /* Resources */ = {
			isa = PBXGroup;
			children = (
				5A893EDB29713FFC00E97FD9 /* Poppins-Medium.ttf */,
				5A893EDC29713FFC00E97FD9 /* Poppins-Regular.ttf */,
				5A893EDA29713FFC00E97FD9 /* Poppins-SemiBold.ttf */,
			);
			path = Resources;
			sourceTree = "<group>";
		};
		832341AE1AAA6A7D00B99B32 /* Libraries */ = {
			isa = PBXGroup;
			children = (
			);
			name = Libraries;
			sourceTree = "<group>";
		};
		83CBB9F61A601CBA00E9B192 = {
			isa = PBXGroup;
			children = (
				5A7C57D42A85919D00847871 /* zego_incoming.mp3 */,
				5A7C57D32A85919D00847871 /* zego_notification_incoming.caf */,
				5A7C57D52A85919E00847871 /* zego_outgoing.mp3 */,
				5A893ED929713FE400E97FD9 /* Resources */,
				13B07FAE1A68108700A75B9A /* Drip */,
				832341AE1AAA6A7D00B99B32 /* Libraries */,
				00E356EF1AD99517003FC87E /* DripTests */,
				A68862F32D65F0A500FF4643 /* ScreenCaptureExtension */,
				A68863002D65F0A500FF4643 /* ScreenCaptureExtensionSetupUI */,
				83CBBA001A601CBA00E9B192 /* Products */,
				2D16E6871FA4F8E400B85C8A /* Frameworks */,
				BBD78D7AC51CEA395F1C20DB /* Pods */,
				5A434BF12A7011F8001A8418 /* DripDev-Info.plist */,
			);
			indentWidth = 2;
			sourceTree = "<group>";
			tabWidth = 2;
			usesTabs = 0;
		};
		83CBBA001A601CBA00E9B192 /* Products */ = {
			isa = PBXGroup;
			children = (
				13B07F961A680F5B00A75B9A /* Drip.app */,
				5A434BF02A7011F7001A8418 /* DripDev.app */,
				A68862F02D65F0A500FF4643 /* ScreenCaptureExtension.appex */,
				A68862FC2D65F0A500FF4643 /* ScreenCaptureExtensionSetupUI.appex */,
			);
			name = Products;
			sourceTree = "<group>";
		};
		A68862F32D65F0A500FF4643 /* ScreenCaptureExtension */ = {
			isa = PBXGroup;
			children = (
				A68862F42D65F0A500FF4643 /* SampleHandler.h */,
				A68862F52D65F0A500FF4643 /* SampleHandler.m */,
				A68862F72D65F0A500FF4643 /* Info.plist */,
			);
			path = ScreenCaptureExtension;
			sourceTree = "<group>";
		};
		A68863002D65F0A500FF4643 /* ScreenCaptureExtensionSetupUI */ = {
			isa = PBXGroup;
			children = (
				A68863012D65F0A500FF4643 /* BroadcastSetupViewController.h */,
				A68863022D65F0A500FF4643 /* BroadcastSetupViewController.m */,
				A68863042D65F0A500FF4643 /* Info.plist */,
			);
			path = ScreenCaptureExtensionSetupUI;
			sourceTree = "<group>";
		};
		BBD78D7AC51CEA395F1C20DB /* Pods */ = {
			isa = PBXGroup;
			children = (
				3B4392A12AC88292D35C810B /* Pods-Drip.debug.xcconfig */,
				5709B34CF0A7D63546082F79 /* Pods-Drip.release.xcconfig */,
				5B7EB9410499542E8C5724F5 /* Pods-Drip-DripTests.debug.xcconfig */,
				89C6BE57DB24E9ADA2F236DE /* Pods-Drip-DripTests.release.xcconfig */,
				07AD0507F84178305D9F8EFD /* Pods-DripCommonPods-Drip.debug.xcconfig */,
				E38A979A993542C5E35F6BBC /* Pods-DripCommonPods-Drip.release.xcconfig */,
				C9FAC53922038A4E7AF17E4A /* Pods-DripCommonPods-DripDev.debug.xcconfig */,
				ECC8AE4A6D942FD579571F57 /* Pods-DripCommonPods-DripDev.release.xcconfig */,
			);
			path = Pods;
			sourceTree = "<group>";
		};
/* End PBXGroup section */

/* Begin PBXNativeTarget section */
		13B07F861A680F5B00A75B9A /* Drip */ = {
			isa = PBXNativeTarget;
			buildConfigurationList = 13B07F931A680F5B00A75B9A /* Build configuration list for PBXNativeTarget "Drip" */;
			buildPhases = (
				C38B50BA6285516D6DCD4F65 /* [CP] Check Pods Manifest.lock */,
				FD10A7F022414F080027D42C /* Start Packager */,
				13B07F871A680F5B00A75B9A /* Sources */,
				13B07F8C1A680F5B00A75B9A /* Frameworks */,
				13B07F8E1A680F5B00A75B9A /* Resources */,
				00DD1BFF1BD5951E006B06BC /* Bundle React Native code and images */,
				E235C05ADACE081382539298 /* [CP] Copy Pods Resources */,
				07C4500A346DACE3AB6CB3B9 /* [CP] Embed Pods Frameworks */,
				A688630B2D65F0A500FF4643 /* Embed Foundation Extensions */,
			);
			buildRules = (
			);
			dependencies = (
				A68863062D65F0A500FF4643 /* PBXTargetDependency */,
				A68863092D65F0A500FF4643 /* PBXTargetDependency */,
			);
			name = Drip;
			productName = Drip;
			productReference = 13B07F961A680F5B00A75B9A /* Drip.app */;
			productType = "com.apple.product-type.application";
		};
		5A434BDA2A7011F6001A8418 /* DripDev */ = {
			isa = PBXNativeTarget;
			buildConfigurationList = 5A434BED2A7011F6001A8418 /* Build configuration list for PBXNativeTarget "DripDev" */;
			buildPhases = (
				5A434BDB2A7011F6001A8418 /* [CP] Check Pods Manifest.lock */,
				5A434BDC2A7011F6001A8418 /* Start Packager */,
				5A434BDD2A7011F6001A8418 /* Sources */,
				5A434BE02A7011F6001A8418 /* Frameworks */,
				5A434BE22A7011F6001A8418 /* Resources */,
				5A434BE92A7011F6001A8418 /* Bundle React Native code and images */,
				5A434BEA2A7011F6001A8418 /* [CP] Copy Pods Resources */,
				5A434BEC2A7011F6001A8418 /* [CP] Embed Pods Frameworks */,
			);
			buildRules = (
			);
			dependencies = (
			);
			name = DripDev;
			productName = Drip;
			productReference = 5A434BF02A7011F7001A8418 /* DripDev.app */;
			productType = "com.apple.product-type.application";
		};
		A68862EF2D65F0A500FF4643 /* ScreenCaptureExtension */ = {
			isa = PBXNativeTarget;
			buildConfigurationList = A68863112D65F0A500FF4643 /* Build configuration list for PBXNativeTarget "ScreenCaptureExtension" */;
			buildPhases = (
				A68862EC2D65F0A500FF4643 /* Sources */,
				A68862ED2D65F0A500FF4643 /* Frameworks */,
				A68862EE2D65F0A500FF4643 /* Resources */,
			);
			buildRules = (
			);
			dependencies = (
			);
			name = ScreenCaptureExtension;
			productName = ScreenCaptureExtension;
			productReference = A68862F02D65F0A500FF4643 /* ScreenCaptureExtension.appex */;
			productType = "com.apple.product-type.app-extension";
		};
		A68862FB2D65F0A500FF4643 /* ScreenCaptureExtensionSetupUI */ = {
			isa = PBXNativeTarget;
			buildConfigurationList = A68863102D65F0A500FF4643 /* Build configuration list for PBXNativeTarget "ScreenCaptureExtensionSetupUI" */;
			buildPhases = (
				A68862F82D65F0A500FF4643 /* Sources */,
				A68862F92D65F0A500FF4643 /* Frameworks */,
				A68862FA2D65F0A500FF4643 /* Resources */,
			);
			buildRules = (
			);
			dependencies = (
			);
			name = ScreenCaptureExtensionSetupUI;
			productName = ScreenCaptureExtensionSetupUI;
			productReference = A68862FC2D65F0A500FF4643 /* ScreenCaptureExtensionSetupUI.appex */;
			productType = "com.apple.product-type.app-extension";
		};
/* End PBXNativeTarget section */

/* Begin PBXProject section */
		83CBB9F71A601CBA00E9B192 /* Project object */ = {
			isa = PBXProject;
			attributes = {
				LastUpgradeCheck = 1210;
				TargetAttributes = {
					13B07F861A680F5B00A75B9A = {
						LastSwiftMigration = 1120;
					};
					A68862EF2D65F0A500FF4643 = {
						CreatedOnToolsVersion = 15.0;
					};
					A68862FB2D65F0A500FF4643 = {
						CreatedOnToolsVersion = 15.0;
					};
				};
			};
			buildConfigurationList = 83CBB9FA1A601CBA00E9B192 /* Build configuration list for PBXProject "Drip" */;
			compatibilityVersion = "Xcode 12.0";
			developmentRegion = en;
			hasScannedForEncodings = 0;
			knownRegions = (
				en,
				Base,
			);
			mainGroup = 83CBB9F61A601CBA00E9B192;
			productRefGroup = 83CBBA001A601CBA00E9B192 /* Products */;
			projectDirPath = "";
			projectRoot = "";
			targets = (
				13B07F861A680F5B00A75B9A /* Drip */,
				5A434BDA2A7011F6001A8418 /* DripDev */,
				A68862EF2D65F0A500FF4643 /* ScreenCaptureExtension */,
				A68862FB2D65F0A500FF4643 /* ScreenCaptureExtensionSetupUI */,
			);
		};
/* End PBXProject section */

/* Begin PBXResourcesBuildPhase section */
		13B07F8E1A680F5B00A75B9A /* Resources */ = {
			isa = PBXResourcesBuildPhase;
			buildActionMask = 2147483647;
			files = (
				5A893EDD29713FFC00E97FD9 /* Poppins-SemiBold.ttf in Resources */,
				5A893EDE29713FFC00E97FD9 /* Poppins-Medium.ttf in Resources */,
				81AB9BB82411601600AC10FF /* LaunchScreen.storyboard in Resources */,
				5A7C57D62A85919E00847871 /* zego_notification_incoming.caf in Resources */,
				5A7C57DA2A85919E00847871 /* zego_outgoing.mp3 in Resources */,
				13B07FBF1A68108700A75B9A /* Images.xcassets in Resources */,
				5A893EDF29713FFC00E97FD9 /* Poppins-Regular.ttf in Resources */,
				5AD7671229A558DF00034853 /* GoogleService-Info.plist in Resources */,
				5A7C57D82A85919E00847871 /* zego_incoming.mp3 in Resources */,
			);
			runOnlyForDeploymentPostprocessing = 0;
		};
		5A434BE22A7011F6001A8418 /* Resources */ = {
			isa = PBXResourcesBuildPhase;
			buildActionMask = 2147483647;
			files = (
				5A434BE32A7011F6001A8418 /* Poppins-SemiBold.ttf in Resources */,
				5A434BE42A7011F6001A8418 /* Poppins-Medium.ttf in Resources */,
				5A434BE52A7011F6001A8418 /* LaunchScreen.storyboard in Resources */,
				5A7C57D72A85919E00847871 /* zego_notification_incoming.caf in Resources */,
				5A7C57DB2A85919E00847871 /* zego_outgoing.mp3 in Resources */,
				5A434BE62A7011F6001A8418 /* Images.xcassets in Resources */,
				5A434BE72A7011F6001A8418 /* Poppins-Regular.ttf in Resources */,
				5A434BE82A7011F6001A8418 /* GoogleService-Info.plist in Resources */,
				5A7C57D92A85919E00847871 /* zego_incoming.mp3 in Resources */,
			);
			runOnlyForDeploymentPostprocessing = 0;
		};
		A68862EE2D65F0A500FF4643 /* Resources */ = {
			isa = PBXResourcesBuildPhase;
			buildActionMask = 2147483647;
			files = (
			);
			runOnlyForDeploymentPostprocessing = 0;
		};
		A68862FA2D65F0A500FF4643 /* Resources */ = {
			isa = PBXResourcesBuildPhase;
			buildActionMask = 2147483647;
			files = (
			);
			runOnlyForDeploymentPostprocessing = 0;
		};
/* End PBXResourcesBuildPhase section */

/* Begin PBXShellScriptBuildPhase section */
		00DD1BFF1BD5951E006B06BC /* Bundle React Native code and images */ = {
			isa = PBXShellScriptBuildPhase;
			buildActionMask = 2147483647;
			files = (
			);
			inputPaths = (
			);
			name = "Bundle React Native code and images";
			outputPaths = (
			);
			runOnlyForDeploymentPostprocessing = 0;
			shellPath = /bin/sh;
			shellScript = "set -e\n\nexport NODE_BINARY=node\n../node_modules/react-native/scripts/react-native-xcode.sh\n";
		};
		07C4500A346DACE3AB6CB3B9 /* [CP] Embed Pods Frameworks */ = {
			isa = PBXShellScriptBuildPhase;
			buildActionMask = 2147483647;
			files = (
			);
			inputFileListPaths = (
				"${PODS_ROOT}/Target Support Files/Pods-DripCommonPods-Drip/Pods-DripCommonPods-Drip-frameworks-${CONFIGURATION}-input-files.xcfilelist",
			);
			name = "[CP] Embed Pods Frameworks";
			outputFileListPaths = (
				"${PODS_ROOT}/Target Support Files/Pods-DripCommonPods-Drip/Pods-DripCommonPods-Drip-frameworks-${CONFIGURATION}-output-files.xcfilelist",
			);
			runOnlyForDeploymentPostprocessing = 0;
			shellPath = /bin/sh;
			shellScript = "\"${PODS_ROOT}/Target Support Files/Pods-DripCommonPods-Drip/Pods-DripCommonPods-Drip-frameworks.sh\"\n";
			showEnvVarsInLog = 0;
		};
		5A434BDB2A7011F6001A8418 /* [CP] Check Pods Manifest.lock */ = {
			isa = PBXShellScriptBuildPhase;
			buildActionMask = 2147483647;
			files = (
			);
			inputFileListPaths = (
			);
			inputPaths = (
				"${PODS_PODFILE_DIR_PATH}/Podfile.lock",
				"${PODS_ROOT}/Manifest.lock",
			);
			name = "[CP] Check Pods Manifest.lock";
			outputFileListPaths = (
			);
			outputPaths = (
				"$(DERIVED_FILE_DIR)/Pods-DripCommonPods-DripDev-checkManifestLockResult.txt",
			);
			runOnlyForDeploymentPostprocessing = 0;
			shellPath = /bin/sh;
			shellScript = "diff \"${PODS_PODFILE_DIR_PATH}/Podfile.lock\" \"${PODS_ROOT}/Manifest.lock\" > /dev/null\nif [ $? != 0 ] ; then\n    # print error to STDERR\n    echo \"error: The sandbox is not in sync with the Podfile.lock. Run 'pod install' or update your CocoaPods installation.\" >&2\n    exit 1\nfi\n# This output is used by Xcode 'outputs' to avoid re-running this script phase.\necho \"SUCCESS\" > \"${SCRIPT_OUTPUT_FILE_0}\"\n";
			showEnvVarsInLog = 0;
		};
		5A434BDC2A7011F6001A8418 /* Start Packager */ = {
			isa = PBXShellScriptBuildPhase;
			buildActionMask = 2147483647;
			files = (
			);
			inputFileListPaths = (
			);
			inputPaths = (
			);
			name = "Start Packager";
			outputFileListPaths = (
			);
			outputPaths = (
			);
			runOnlyForDeploymentPostprocessing = 0;
			shellPath = /bin/sh;
			shellScript = "export RCT_METRO_PORT=\"${RCT_METRO_PORT:=8081}\"\necho \"export RCT_METRO_PORT=${RCT_METRO_PORT}\" > \"${SRCROOT}/../node_modules/react-native/scripts/.packager.env\"\nif [ -z \"${RCT_NO_LAUNCH_PACKAGER+xxx}\" ] ; then\n  if nc -w 5 -z localhost ${RCT_METRO_PORT} ; then\n    if ! curl -s \"http://localhost:${RCT_METRO_PORT}/status\" | grep -q \"packager-status:running\" ; then\n      echo \"Port ${RCT_METRO_PORT} already in use, packager is either not running or not running correctly\"\n      exit 2\n    fi\n  else\n    open \"$SRCROOT/../node_modules/react-native/scripts/launchPackager.command\" || echo \"Can't start packager automatically\"\n  fi\nfi\n";
			showEnvVarsInLog = 0;
		};
		5A434BE92A7011F6001A8418 /* Bundle React Native code and images */ = {
			isa = PBXShellScriptBuildPhase;
			buildActionMask = 2147483647;
			files = (
			);
			inputPaths = (
			);
			name = "Bundle React Native code and images";
			outputPaths = (
			);
			runOnlyForDeploymentPostprocessing = 0;
			shellPath = /bin/sh;
			shellScript = "set -e\n\nexport NODE_BINARY=node\n../node_modules/react-native/scripts/react-native-xcode.sh\n";
		};
		5A434BEA2A7011F6001A8418 /* [CP] Copy Pods Resources */ = {
			isa = PBXShellScriptBuildPhase;
			buildActionMask = 2147483647;
			files = (
			);
			inputFileListPaths = (
				"${PODS_ROOT}/Target Support Files/Pods-DripCommonPods-DripDev/Pods-DripCommonPods-DripDev-resources-${CONFIGURATION}-input-files.xcfilelist",
			);
			name = "[CP] Copy Pods Resources";
			outputFileListPaths = (
				"${PODS_ROOT}/Target Support Files/Pods-DripCommonPods-DripDev/Pods-DripCommonPods-DripDev-resources-${CONFIGURATION}-output-files.xcfilelist",
			);
			runOnlyForDeploymentPostprocessing = 0;
			shellPath = /bin/sh;
			shellScript = "\"${PODS_ROOT}/Target Support Files/Pods-DripCommonPods-DripDev/Pods-DripCommonPods-DripDev-resources.sh\"\n";
			showEnvVarsInLog = 0;
		};
		5A434BEC2A7011F6001A8418 /* [CP] Embed Pods Frameworks */ = {
			isa = PBXShellScriptBuildPhase;
			buildActionMask = 2147483647;
			files = (
			);
			inputFileListPaths = (
				"${PODS_ROOT}/Target Support Files/Pods-DripCommonPods-DripDev/Pods-DripCommonPods-DripDev-frameworks-${CONFIGURATION}-input-files.xcfilelist",
			);
			name = "[CP] Embed Pods Frameworks";
			outputFileListPaths = (
				"${PODS_ROOT}/Target Support Files/Pods-DripCommonPods-DripDev/Pods-DripCommonPods-DripDev-frameworks-${CONFIGURATION}-output-files.xcfilelist",
			);
			runOnlyForDeploymentPostprocessing = 0;
			shellPath = /bin/sh;
			shellScript = "\"${PODS_ROOT}/Target Support Files/Pods-DripCommonPods-DripDev/Pods-DripCommonPods-DripDev-frameworks.sh\"\n";
			showEnvVarsInLog = 0;
		};
		C38B50BA6285516D6DCD4F65 /* [CP] Check Pods Manifest.lock */ = {
			isa = PBXShellScriptBuildPhase;
			buildActionMask = 2147483647;
			files = (
			);
			inputFileListPaths = (
			);
			inputPaths = (
				"${PODS_PODFILE_DIR_PATH}/Podfile.lock",
				"${PODS_ROOT}/Manifest.lock",
			);
			name = "[CP] Check Pods Manifest.lock";
			outputFileListPaths = (
			);
			outputPaths = (
				"$(DERIVED_FILE_DIR)/Pods-DripCommonPods-Drip-checkManifestLockResult.txt",
			);
			runOnlyForDeploymentPostprocessing = 0;
			shellPath = /bin/sh;
			shellScript = "diff \"${PODS_PODFILE_DIR_PATH}/Podfile.lock\" \"${PODS_ROOT}/Manifest.lock\" > /dev/null\nif [ $? != 0 ] ; then\n    # print error to STDERR\n    echo \"error: The sandbox is not in sync with the Podfile.lock. Run 'pod install' or update your CocoaPods installation.\" >&2\n    exit 1\nfi\n# This output is used by Xcode 'outputs' to avoid re-running this script phase.\necho \"SUCCESS\" > \"${SCRIPT_OUTPUT_FILE_0}\"\n";
			showEnvVarsInLog = 0;
		};
		E235C05ADACE081382539298 /* [CP] Copy Pods Resources */ = {
			isa = PBXShellScriptBuildPhase;
			buildActionMask = 2147483647;
			files = (
			);
			inputFileListPaths = (
				"${PODS_ROOT}/Target Support Files/Pods-DripCommonPods-Drip/Pods-DripCommonPods-Drip-resources-${CONFIGURATION}-input-files.xcfilelist",
			);
			name = "[CP] Copy Pods Resources";
			outputFileListPaths = (
				"${PODS_ROOT}/Target Support Files/Pods-DripCommonPods-Drip/Pods-DripCommonPods-Drip-resources-${CONFIGURATION}-output-files.xcfilelist",
			);
			runOnlyForDeploymentPostprocessing = 0;
			shellPath = /bin/sh;
			shellScript = "\"${PODS_ROOT}/Target Support Files/Pods-DripCommonPods-Drip/Pods-DripCommonPods-Drip-resources.sh\"\n";
			showEnvVarsInLog = 0;
		};
		FD10A7F022414F080027D42C /* Start Packager */ = {
			isa = PBXShellScriptBuildPhase;
			buildActionMask = 2147483647;
			files = (
			);
			inputFileListPaths = (
			);
			inputPaths = (
			);
			name = "Start Packager";
			outputFileListPaths = (
			);
			outputPaths = (
			);
			runOnlyForDeploymentPostprocessing = 0;
			shellPath = /bin/sh;
			shellScript = "export RCT_METRO_PORT=\"${RCT_METRO_PORT:=8081}\"\necho \"export RCT_METRO_PORT=${RCT_METRO_PORT}\" > \"${SRCROOT}/../node_modules/react-native/scripts/.packager.env\"\nif [ -z \"${RCT_NO_LAUNCH_PACKAGER+xxx}\" ] ; then\n  if nc -w 5 -z localhost ${RCT_METRO_PORT} ; then\n    if ! curl -s \"http://localhost:${RCT_METRO_PORT}/status\" | grep -q \"packager-status:running\" ; then\n      echo \"Port ${RCT_METRO_PORT} already in use, packager is either not running or not running correctly\"\n      exit 2\n    fi\n  else\n    open \"$SRCROOT/../node_modules/react-native/scripts/launchPackager.command\" || echo \"Can't start packager automatically\"\n  fi\nfi\n";
			showEnvVarsInLog = 0;
		};
/* End PBXShellScriptBuildPhase section */

/* Begin PBXSourcesBuildPhase section */
		13B07F871A680F5B00A75B9A /* Sources */ = {
			isa = PBXSourcesBuildPhase;
			buildActionMask = 2147483647;
			files = (
				13B07FBC1A68108700A75B9A /* AppDelegate.mm in Sources */,
				13B07FC11A68108700A75B9A /* main.m in Sources */,
			);
			runOnlyForDeploymentPostprocessing = 0;
		};
		5A434BDD2A7011F6001A8418 /* Sources */ = {
			isa = PBXSourcesBuildPhase;
			buildActionMask = 2147483647;
			files = (
				5A434BDE2A7011F6001A8418 /* AppDelegate.mm in Sources */,
				5A434BDF2A7011F6001A8418 /* main.m in Sources */,
			);
			runOnlyForDeploymentPostprocessing = 0;
		};
		A68862EC2D65F0A500FF4643 /* Sources */ = {
			isa = PBXSourcesBuildPhase;
			buildActionMask = 2147483647;
			files = (
				A68862F62D65F0A500FF4643 /* SampleHandler.m in Sources */,
			);
			runOnlyForDeploymentPostprocessing = 0;
		};
		A68862F82D65F0A500FF4643 /* Sources */ = {
			isa = PBXSourcesBuildPhase;
			buildActionMask = 2147483647;
			files = (
				A68863032D65F0A500FF4643 /* BroadcastSetupViewController.m in Sources */,
			);
			runOnlyForDeploymentPostprocessing = 0;
		};
/* End PBXSourcesBuildPhase section */

/* Begin PBXTargetDependency section */
		A68863062D65F0A500FF4643 /* PBXTargetDependency */ = {
			isa = PBXTargetDependency;
			target = A68862FB2D65F0A500FF4643 /* ScreenCaptureExtensionSetupUI */;
			targetProxy = A68863052D65F0A500FF4643 /* PBXContainerItemProxy */;
		};
		A68863092D65F0A500FF4643 /* PBXTargetDependency */ = {
			isa = PBXTargetDependency;
			target = A68862EF2D65F0A500FF4643 /* ScreenCaptureExtension */;
			targetProxy = A68863082D65F0A500FF4643 /* PBXContainerItemProxy */;
		};
/* End PBXTargetDependency section */

/* Begin XCBuildConfiguration section */
		13B07F941A680F5B00A75B9A /* Debug */ = {
			isa = XCBuildConfiguration;
			baseConfigurationReference = 07AD0507F84178305D9F8EFD /* Pods-DripCommonPods-Drip.debug.xcconfig */;
			buildSettings = {
				ASSETCATALOG_COMPILER_APPICON_NAME = AppIcon;
				CLANG_ENABLE_MODULES = YES;
				CODE_SIGN_ENTITLEMENTS = Drip/Drip.entitlements;
				CODE_SIGN_STYLE = Manual;
				CURRENT_PROJECT_VERSION = 1;
				DEVELOPMENT_TEAM = "";
				ENABLE_BITCODE = NO;
				INFOPLIST_FILE = Drip/Info.plist;
				LD_RUNPATH_SEARCH_PATHS = (
					"$(inherited)",
					"@executable_path/Frameworks",
				);
				OTHER_LDFLAGS = (
					"$(inherited)",
					"-ObjC",
					"-lc++",
				);
				PRODUCT_BUNDLE_IDENTIFIER = com.app.drips;
				PRODUCT_NAME = Drip;
				PROVISIONING_PROFILE_SPECIFIER = "";
				SWIFT_OPTIMIZATION_LEVEL = "-Onone";
				SWIFT_VERSION = 5.0;
				VERSIONING_SYSTEM = "apple-generic";
			};
			name = Debug;
		};
		13B07F951A680F5B00A75B9A /* Release */ = {
			isa = XCBuildConfiguration;
			baseConfigurationReference = E38A979A993542C5E35F6BBC /* Pods-DripCommonPods-Drip.release.xcconfig */;
			buildSettings = {
				ASSETCATALOG_COMPILER_APPICON_NAME = AppIcon;
				CLANG_ENABLE_MODULES = YES;
				CODE_SIGN_ENTITLEMENTS = Drip/Drip.entitlements;
				CODE_SIGN_STYLE = Manual;
				CURRENT_PROJECT_VERSION = 1;
				DEVELOPMENT_TEAM = "";
				INFOPLIST_FILE = Drip/Info.plist;
				LD_RUNPATH_SEARCH_PATHS = (
					"$(inherited)",
					"@executable_path/Frameworks",
				);
				OTHER_LDFLAGS = (
					"$(inherited)",
					"-ObjC",
					"-lc++",
				);
				PRODUCT_BUNDLE_IDENTIFIER = com.app.drips;
				PRODUCT_NAME = Drip;
				PROVISIONING_PROFILE_SPECIFIER = "";
				SWIFT_VERSION = 5.0;
				VERSIONING_SYSTEM = "apple-generic";
			};
			name = Release;
		};
		5A434BEE2A7011F6001A8418 /* Debug */ = {
			isa = XCBuildConfiguration;
			baseConfigurationReference = C9FAC53922038A4E7AF17E4A /* Pods-DripCommonPods-DripDev.debug.xcconfig */;
			buildSettings = {
				ASSETCATALOG_COMPILER_APPICON_NAME = AppIcon;
				CLANG_ENABLE_MODULES = YES;
				CODE_SIGN_ENTITLEMENTS = Drip/Drip.entitlements;
				CODE_SIGN_STYLE = Manual;
				CURRENT_PROJECT_VERSION = 1;
				DEVELOPMENT_TEAM = "";
				ENABLE_BITCODE = NO;
				INFOPLIST_FILE = "DripDev-Info.plist";
				LD_RUNPATH_SEARCH_PATHS = (
					"$(inherited)",
					"@executable_path/Frameworks",
				);
				OTHER_LDFLAGS = (
					"$(inherited)",
					"-ObjC",
					"-lc++",
				);
				PRODUCT_BUNDLE_IDENTIFIER = com.app.drips.dev;
				PRODUCT_NAME = "$(TARGET_NAME)";
				PROVISIONING_PROFILE_SPECIFIER = "";
				SWIFT_OPTIMIZATION_LEVEL = "-Onone";
				SWIFT_VERSION = 5.0;
				VERSIONING_SYSTEM = "apple-generic";
			};
			name = Debug;
		};
		5A434BEF2A7011F6001A8418 /* Release */ = {
			isa = XCBuildConfiguration;
			baseConfigurationReference = ECC8AE4A6D942FD579571F57 /* Pods-DripCommonPods-DripDev.release.xcconfig */;
			buildSettings = {
				ASSETCATALOG_COMPILER_APPICON_NAME = AppIcon;
				CLANG_ENABLE_MODULES = YES;
				CODE_SIGN_ENTITLEMENTS = Drip/Drip.entitlements;
				CODE_SIGN_STYLE = Manual;
				CURRENT_PROJECT_VERSION = 1;
				DEVELOPMENT_TEAM = "";
				INFOPLIST_FILE = "DripDev-Info.plist";
				LD_RUNPATH_SEARCH_PATHS = (
					"$(inherited)",
					"@executable_path/Frameworks",
				);
				OTHER_LDFLAGS = (
					"$(inherited)",
					"-ObjC",
					"-lc++",
				);
				PRODUCT_BUNDLE_IDENTIFIER = com.app.drips.dev;
				PRODUCT_NAME = "$(TARGET_NAME)";
				PROVISIONING_PROFILE_SPECIFIER = "";
				SWIFT_VERSION = 5.0;
				VERSIONING_SYSTEM = "apple-generic";
			};
			name = Release;
		};
		83CBBA201A601CBA00E9B192 /* Debug */ = {
			isa = XCBuildConfiguration;
			buildSettings = {
				ALWAYS_SEARCH_USER_PATHS = NO;
				CLANG_ANALYZER_LOCALIZABILITY_NONLOCALIZED = YES;
				CLANG_CXX_LANGUAGE_STANDARD = "c++17";
				CLANG_CXX_LIBRARY = "libc++";
				CLANG_ENABLE_MODULES = YES;
				CLANG_ENABLE_OBJC_ARC = YES;
				CLANG_WARN_BLOCK_CAPTURE_AUTORELEASING = YES;
				CLANG_WARN_BOOL_CONVERSION = YES;
				CLANG_WARN_COMMA = YES;
				CLANG_WARN_CONSTANT_CONVERSION = YES;
				CLANG_WARN_DEPRECATED_OBJC_IMPLEMENTATIONS = YES;
				CLANG_WARN_DIRECT_OBJC_ISA_USAGE = YES_ERROR;
				CLANG_WARN_EMPTY_BODY = YES;
				CLANG_WARN_ENUM_CONVERSION = YES;
				CLANG_WARN_INFINITE_RECURSION = YES;
				CLANG_WARN_INT_CONVERSION = YES;
				CLANG_WARN_NON_LITERAL_NULL_CONVERSION = YES;
				CLANG_WARN_OBJC_IMPLICIT_RETAIN_SELF = YES;
				CLANG_WARN_OBJC_LITERAL_CONVERSION = YES;
				CLANG_WARN_OBJC_ROOT_CLASS = YES_ERROR;
				CLANG_WARN_QUOTED_INCLUDE_IN_FRAMEWORK_HEADER = YES;
				CLANG_WARN_RANGE_LOOP_ANALYSIS = YES;
				CLANG_WARN_STRICT_PROTOTYPES = YES;
				CLANG_WARN_SUSPICIOUS_MOVE = YES;
				CLANG_WARN_UNREACHABLE_CODE = YES;
				CLANG_WARN__DUPLICATE_METHOD_MATCH = YES;
				"CODE_SIGN_IDENTITY[sdk=iphoneos*]" = "iPhone Developer";
				COPY_PHASE_STRIP = NO;
				ENABLE_STRICT_OBJC_MSGSEND = YES;
				ENABLE_TESTABILITY = YES;
				"EXCLUDED_ARCHS[sdk=iphonesimulator*]" = i386;
				GCC_C_LANGUAGE_STANDARD = gnu99;
				GCC_DYNAMIC_NO_PIC = NO;
				GCC_NO_COMMON_BLOCKS = YES;
				GCC_OPTIMIZATION_LEVEL = 0;
				GCC_PREPROCESSOR_DEFINITIONS = (
					"DEBUG=1",
					"$(inherited)",
				);
				GCC_SYMBOLS_PRIVATE_EXTERN = NO;
				GCC_WARN_64_TO_32_BIT_CONVERSION = YES;
				GCC_WARN_ABOUT_RETURN_TYPE = YES_ERROR;
				GCC_WARN_UNDECLARED_SELECTOR = YES;
				GCC_WARN_UNINITIALIZED_AUTOS = YES_AGGRESSIVE;
				GCC_WARN_UNUSED_FUNCTION = YES;
				GCC_WARN_UNUSED_VARIABLE = YES;
				IPHONEOS_DEPLOYMENT_TARGET = 11.0;
				LD_RUNPATH_SEARCH_PATHS = (
					/usr/lib/swift,
					"$(inherited)",
				);
				LIBRARY_SEARCH_PATHS = (
					"\"$(SDKROOT)/usr/lib/swift\"",
					"\"$(TOOLCHAIN_DIR)/usr/lib/swift/$(PLATFORM_NAME)\"",
					"\"$(inherited)\"",
				);
				MTL_ENABLE_DEBUG_INFO = YES;
				ONLY_ACTIVE_ARCH = YES;
				OTHER_CPLUSPLUSFLAGS = (
					"$(OTHER_CFLAGS)",
					"-DFOLLY_NO_CONFIG",
					"-DFOLLY_MOBILE=1",
					"-DFOLLY_USE_LIBCPP=1",
				);
				REACT_NATIVE_PATH = "${PODS_ROOT}/../../node_modules/react-native";
				SDKROOT = iphoneos;
			};
			name = Debug;
		};
		83CBBA211A601CBA00E9B192 /* Release */ = {
			isa = XCBuildConfiguration;
			buildSettings = {
				ALWAYS_SEARCH_USER_PATHS = NO;
				CLANG_ANALYZER_LOCALIZABILITY_NONLOCALIZED = YES;
				CLANG_CXX_LANGUAGE_STANDARD = "c++17";
				CLANG_CXX_LIBRARY = "libc++";
				CLANG_ENABLE_MODULES = YES;
				CLANG_ENABLE_OBJC_ARC = YES;
				CLANG_WARN_BLOCK_CAPTURE_AUTORELEASING = YES;
				CLANG_WARN_BOOL_CONVERSION = YES;
				CLANG_WARN_COMMA = YES;
				CLANG_WARN_CONSTANT_CONVERSION = YES;
				CLANG_WARN_DEPRECATED_OBJC_IMPLEMENTATIONS = YES;
				CLANG_WARN_DIRECT_OBJC_ISA_USAGE = YES_ERROR;
				CLANG_WARN_EMPTY_BODY = YES;
				CLANG_WARN_ENUM_CONVERSION = YES;
				CLANG_WARN_INFINITE_RECURSION = YES;
				CLANG_WARN_INT_CONVERSION = YES;
				CLANG_WARN_NON_LITERAL_NULL_CONVERSION = YES;
				CLANG_WARN_OBJC_IMPLICIT_RETAIN_SELF = YES;
				CLANG_WARN_OBJC_LITERAL_CONVERSION = YES;
				CLANG_WARN_OBJC_ROOT_CLASS = YES_ERROR;
				CLANG_WARN_QUOTED_INCLUDE_IN_FRAMEWORK_HEADER = YES;
				CLANG_WARN_RANGE_LOOP_ANALYSIS = YES;
				CLANG_WARN_STRICT_PROTOTYPES = YES;
				CLANG_WARN_SUSPICIOUS_MOVE = YES;
				CLANG_WARN_UNREACHABLE_CODE = YES;
				CLANG_WARN__DUPLICATE_METHOD_MATCH = YES;
				"CODE_SIGN_IDENTITY[sdk=iphoneos*]" = "iPhone Developer";
				COPY_PHASE_STRIP = YES;
				ENABLE_NS_ASSERTIONS = NO;
				ENABLE_STRICT_OBJC_MSGSEND = YES;
				"EXCLUDED_ARCHS[sdk=iphonesimulator*]" = i386;
				GCC_C_LANGUAGE_STANDARD = gnu99;
				GCC_NO_COMMON_BLOCKS = YES;
				GCC_WARN_64_TO_32_BIT_CONVERSION = YES;
				GCC_WARN_ABOUT_RETURN_TYPE = YES_ERROR;
				GCC_WARN_UNDECLARED_SELECTOR = YES;
				GCC_WARN_UNINITIALIZED_AUTOS = YES_AGGRESSIVE;
				GCC_WARN_UNUSED_FUNCTION = YES;
				GCC_WARN_UNUSED_VARIABLE = YES;
				IPHONEOS_DEPLOYMENT_TARGET = 11.0;
				LD_RUNPATH_SEARCH_PATHS = (
					/usr/lib/swift,
					"$(inherited)",
				);
				LIBRARY_SEARCH_PATHS = (
					"\"$(SDKROOT)/usr/lib/swift\"",
					"\"$(TOOLCHAIN_DIR)/usr/lib/swift/$(PLATFORM_NAME)\"",
					"\"$(inherited)\"",
				);
				MTL_ENABLE_DEBUG_INFO = NO;
				OTHER_CPLUSPLUSFLAGS = (
					"$(OTHER_CFLAGS)",
					"-DFOLLY_NO_CONFIG",
					"-DFOLLY_MOBILE=1",
					"-DFOLLY_USE_LIBCPP=1",
				);
				REACT_NATIVE_PATH = "${PODS_ROOT}/../../node_modules/react-native";
				SDKROOT = iphoneos;
				VALIDATE_PRODUCT = YES;
			};
			name = Release;
		};
		A688630C2D65F0A500FF4643 /* Debug */ = {
			isa = XCBuildConfiguration;
			buildSettings = {
				ASSETCATALOG_COMPILER_GENERATE_SWIFT_ASSET_SYMBOL_EXTENSIONS = YES;
				CLANG_ANALYZER_NONNULL = YES;
				CLANG_ANALYZER_NUMBER_OBJECT_CONVERSION = YES_AGGRESSIVE;
				CLANG_CXX_LANGUAGE_STANDARD = "gnu++20";
				CLANG_ENABLE_OBJC_WEAK = YES;
				CLANG_WARN_DOCUMENTATION_COMMENTS = YES;
				CLANG_WARN_UNGUARDED_AVAILABILITY = YES_AGGRESSIVE;
				CODE_SIGN_STYLE = Automatic;
				CURRENT_PROJECT_VERSION = 1;
				DEBUG_INFORMATION_FORMAT = dwarf;
				DEVELOPMENT_TEAM = "";
				ENABLE_USER_SCRIPT_SANDBOXING = YES;
				GCC_C_LANGUAGE_STANDARD = gnu17;
				GENERATE_INFOPLIST_FILE = YES;
				INFOPLIST_FILE = ScreenCaptureExtension/Info.plist;
				INFOPLIST_KEY_CFBundleDisplayName = ScreenCaptureExtension;
				INFOPLIST_KEY_NSHumanReadableCopyright = "";
				IPHONEOS_DEPLOYMENT_TARGET = 17.0;
				LD_RUNPATH_SEARCH_PATHS = (
					"$(inherited)",
					"@executable_path/Frameworks",
					"@executable_path/../../Frameworks",
				);
				LOCALIZATION_PREFERS_STRING_CATALOGS = YES;
				MARKETING_VERSION = 1.0;
				MTL_ENABLE_DEBUG_INFO = INCLUDE_SOURCE;
				MTL_FAST_MATH = YES;
				PRODUCT_BUNDLE_IDENTIFIER = com.app.drips.ScreenCaptureExtension;
				PRODUCT_NAME = "$(TARGET_NAME)";
				SKIP_INSTALL = YES;
				SWIFT_EMIT_LOC_STRINGS = YES;
				TARGETED_DEVICE_FAMILY = "1,2";
			};
			name = Debug;
		};
		A688630D2D65F0A500FF4643 /* Release */ = {
			isa = XCBuildConfiguration;
			buildSettings = {
				ASSETCATALOG_COMPILER_GENERATE_SWIFT_ASSET_SYMBOL_EXTENSIONS = YES;
				CLANG_ANALYZER_NONNULL = YES;
				CLANG_ANALYZER_NUMBER_OBJECT_CONVERSION = YES_AGGRESSIVE;
				CLANG_CXX_LANGUAGE_STANDARD = "gnu++20";
				CLANG_ENABLE_OBJC_WEAK = YES;
				CLANG_WARN_DOCUMENTATION_COMMENTS = YES;
				CLANG_WARN_UNGUARDED_AVAILABILITY = YES_AGGRESSIVE;
				CODE_SIGN_STYLE = Automatic;
				COPY_PHASE_STRIP = NO;
				CURRENT_PROJECT_VERSION = 1;
				DEBUG_INFORMATION_FORMAT = "dwarf-with-dsym";
				DEVELOPMENT_TEAM = "";
				ENABLE_USER_SCRIPT_SANDBOXING = YES;
				GCC_C_LANGUAGE_STANDARD = gnu17;
				GENERATE_INFOPLIST_FILE = YES;
				INFOPLIST_FILE = ScreenCaptureExtension/Info.plist;
				INFOPLIST_KEY_CFBundleDisplayName = ScreenCaptureExtension;
				INFOPLIST_KEY_NSHumanReadableCopyright = "";
				IPHONEOS_DEPLOYMENT_TARGET = 17.0;
				LD_RUNPATH_SEARCH_PATHS = (
					"$(inherited)",
					"@executable_path/Frameworks",
					"@executable_path/../../Frameworks",
				);
				LOCALIZATION_PREFERS_STRING_CATALOGS = YES;
				MARKETING_VERSION = 1.0;
				MTL_FAST_MATH = YES;
				PRODUCT_BUNDLE_IDENTIFIER = com.app.drips.ScreenCaptureExtension;
				PRODUCT_NAME = "$(TARGET_NAME)";
				SKIP_INSTALL = YES;
				SWIFT_EMIT_LOC_STRINGS = YES;
				TARGETED_DEVICE_FAMILY = "1,2";
			};
			name = Release;
		};
		A688630E2D65F0A500FF4643 /* Debug */ = {
			isa = XCBuildConfiguration;
			buildSettings = {
				ASSETCATALOG_COMPILER_GENERATE_SWIFT_ASSET_SYMBOL_EXTENSIONS = YES;
				CLANG_ANALYZER_NONNULL = YES;
				CLANG_ANALYZER_NUMBER_OBJECT_CONVERSION = YES_AGGRESSIVE;
				CLANG_CXX_LANGUAGE_STANDARD = "gnu++20";
				CLANG_ENABLE_OBJC_WEAK = YES;
				CLANG_WARN_DOCUMENTATION_COMMENTS = YES;
				CLANG_WARN_UNGUARDED_AVAILABILITY = YES_AGGRESSIVE;
				CODE_SIGN_STYLE = Automatic;
				CURRENT_PROJECT_VERSION = 1;
				DEBUG_INFORMATION_FORMAT = dwarf;
				DEVELOPMENT_TEAM = "";
				ENABLE_USER_SCRIPT_SANDBOXING = YES;
				GCC_C_LANGUAGE_STANDARD = gnu17;
				GENERATE_INFOPLIST_FILE = YES;
				INFOPLIST_FILE = ScreenCaptureExtensionSetupUI/Info.plist;
				INFOPLIST_KEY_CFBundleDisplayName = ScreenCaptureExtensionSetupUI;
				INFOPLIST_KEY_NSHumanReadableCopyright = "";
				IPHONEOS_DEPLOYMENT_TARGET = 17.0;
				LD_RUNPATH_SEARCH_PATHS = (
					"$(inherited)",
					"@executable_path/Frameworks",
					"@executable_path/../../Frameworks",
				);
				LOCALIZATION_PREFERS_STRING_CATALOGS = YES;
				MARKETING_VERSION = 1.0;
				MTL_ENABLE_DEBUG_INFO = INCLUDE_SOURCE;
				MTL_FAST_MATH = YES;
				PRODUCT_BUNDLE_IDENTIFIER = com.app.drips.ScreenCaptureExtensionSetupUI;
				PRODUCT_NAME = "$(TARGET_NAME)";
				SKIP_INSTALL = YES;
				SWIFT_EMIT_LOC_STRINGS = YES;
				TARGETED_DEVICE_FAMILY = "1,2";
			};
			name = Debug;
		};
		A688630F2D65F0A500FF4643 /* Release */ = {
			isa = XCBuildConfiguration;
			buildSettings = {
				ASSETCATALOG_COMPILER_GENERATE_SWIFT_ASSET_SYMBOL_EXTENSIONS = YES;
				CLANG_ANALYZER_NONNULL = YES;
				CLANG_ANALYZER_NUMBER_OBJECT_CONVERSION = YES_AGGRESSIVE;
				CLANG_CXX_LANGUAGE_STANDARD = "gnu++20";
				CLANG_ENABLE_OBJC_WEAK = YES;
				CLANG_WARN_DOCUMENTATION_COMMENTS = YES;
				CLANG_WARN_UNGUARDED_AVAILABILITY = YES_AGGRESSIVE;
				CODE_SIGN_STYLE = Automatic;
				COPY_PHASE_STRIP = NO;
				CURRENT_PROJECT_VERSION = 1;
				DEBUG_INFORMATION_FORMAT = "dwarf-with-dsym";
				DEVELOPMENT_TEAM = "";
				ENABLE_USER_SCRIPT_SANDBOXING = YES;
				GCC_C_LANGUAGE_STANDARD = gnu17;
				GENERATE_INFOPLIST_FILE = YES;
				INFOPLIST_FILE = ScreenCaptureExtensionSetupUI/Info.plist;
				INFOPLIST_KEY_CFBundleDisplayName = ScreenCaptureExtensionSetupUI;
				INFOPLIST_KEY_NSHumanReadableCopyright = "";
				IPHONEOS_DEPLOYMENT_TARGET = 17.0;
				LD_RUNPATH_SEARCH_PATHS = (
					"$(inherited)",
					"@executable_path/Frameworks",
					"@executable_path/../../Frameworks",
				);
				LOCALIZATION_PREFERS_STRING_CATALOGS = YES;
				MARKETING_VERSION = 1.0;
				MTL_FAST_MATH = YES;
				PRODUCT_BUNDLE_IDENTIFIER = com.app.drips.ScreenCaptureExtensionSetupUI;
				PRODUCT_NAME = "$(TARGET_NAME)";
				SKIP_INSTALL = YES;
				SWIFT_EMIT_LOC_STRINGS = YES;
				TARGETED_DEVICE_FAMILY = "1,2";
			};
			name = Release;
		};
/* End XCBuildConfiguration section */

/* Begin XCConfigurationList section */
		13B07F931A680F5B00A75B9A /* Build configuration list for PBXNativeTarget "Drip" */ = {
			isa = XCConfigurationList;
			buildConfigurations = (
				13B07F941A680F5B00A75B9A /* Debug */,
				13B07F951A680F5B00A75B9A /* Release */,
			);
			defaultConfigurationIsVisible = 0;
			defaultConfigurationName = Release;
		};
		5A434BED2A7011F6001A8418 /* Build configuration list for PBXNativeTarget "DripDev" */ = {
			isa = XCConfigurationList;
			buildConfigurations = (
				5A434BEE2A7011F6001A8418 /* Debug */,
				5A434BEF2A7011F6001A8418 /* Release */,
			);
			defaultConfigurationIsVisible = 0;
			defaultConfigurationName = Release;
		};
		83CBB9FA1A601CBA00E9B192 /* Build configuration list for PBXProject "Drip" */ = {
			isa = XCConfigurationList;
			buildConfigurations = (
				83CBBA201A601CBA00E9B192 /* Debug */,
				83CBBA211A601CBA00E9B192 /* Release */,
			);
			defaultConfigurationIsVisible = 0;
			defaultConfigurationName = Release;
		};
		A68863102D65F0A500FF4643 /* Build configuration list for PBXNativeTarget "ScreenCaptureExtensionSetupUI" */ = {
			isa = XCConfigurationList;
			buildConfigurations = (
				A688630E2D65F0A500FF4643 /* Debug */,
				A688630F2D65F0A500FF4643 /* Release */,
			);
			defaultConfigurationIsVisible = 0;
			defaultConfigurationName = Release;
		};
		A68863112D65F0A500FF4643 /* Build configuration list for PBXNativeTarget "ScreenCaptureExtension" */ = {
			isa = XCConfigurationList;
			buildConfigurations = (
				A688630C2D65F0A500FF4643 /* Debug */,
				A688630D2D65F0A500FF4643 /* Release */,
			);
			defaultConfigurationIsVisible = 0;
			defaultConfigurationName = Release;
		};
/* End XCConfigurationList section */
	};
	rootObject = 83CBB9F71A601CBA00E9B192 /* Project object */;
}
